// !$*UTF8*$!
{
	archiveVersion = 1;
	classes = {
	};
	objectVersion = 55;
	objects = {

/* Begin PBXBuildFile section */
		5672AC552867153900B3A335 /* Queries.graphql in Resources */ = {isa = PBXBuildFile; fileRef = 5672AC542867153900B3A335 /* Queries.graphql */; };
		5672AC572867176700B3A335 /* schema.json in Resources */ = {isa = PBXBuildFile; fileRef = 5672AC562867176700B3A335 /* schema.json */; };
		5672AC59286717DB00B3A335 /* API.swift in Sources */ = {isa = PBXBuildFile; fileRef = 5672AC58286717DB00B3A335 /* API.swift */; };
		5672AC5E2867446C00B3A335 /* Longinus in Frameworks */ = {isa = PBXBuildFile; productRef = 5672AC5D2867446C00B3A335 /* Longinus */; };
		5672AC6028679C1200B3A335 /* filterView.swift in Sources */ = {isa = PBXBuildFile; fileRef = 5672AC5F28679C1200B3A335 /* filterView.swift */; };
		56C1CB362866127400D4F291 /* AppDelegate.swift in Sources */ = {isa = PBXBuildFile; fileRef = 56C1CB352866127400D4F291 /* AppDelegate.swift */; };
		56C1CB382866127400D4F291 /* SceneDelegate.swift in Sources */ = {isa = PBXBuildFile; fileRef = 56C1CB372866127400D4F291 /* SceneDelegate.swift */; };
		56C1CB3A2866127400D4F291 /* ViewController.swift in Sources */ = {isa = PBXBuildFile; fileRef = 56C1CB392866127400D4F291 /* ViewController.swift */; };
		56C1CB3F2866127700D4F291 /* Assets.xcassets in Resources */ = {isa = PBXBuildFile; fileRef = 56C1CB3E2866127700D4F291 /* Assets.xcassets */; };
		56C1CB4D2866127700D4F291 /* Rick_Morty_AssessmentTests.swift in Sources */ = {isa = PBXBuildFile; fileRef = 56C1CB4C2866127700D4F291 /* Rick_Morty_AssessmentTests.swift */; };
		56C1CB572866127700D4F291 /* Rick_Morty_AssessmentUITests.swift in Sources */ = {isa = PBXBuildFile; fileRef = 56C1CB562866127700D4F291 /* Rick_Morty_AssessmentUITests.swift */; };
		56C1CB592866127700D4F291 /* Rick_Morty_AssessmentUITestsLaunchTests.swift in Sources */ = {isa = PBXBuildFile; fileRef = 56C1CB582866127700D4F291 /* Rick_Morty_AssessmentUITestsLaunchTests.swift */; };
		56C1CB66286614BA00D4F291 /* ViewModel.swift in Sources */ = {isa = PBXBuildFile; fileRef = 56C1CB65286614BA00D4F291 /* ViewModel.swift */; };
		56C1CB68286614C500D4F291 /* Model.swift in Sources */ = {isa = PBXBuildFile; fileRef = 56C1CB67286614C500D4F291 /* Model.swift */; };
		56C1CB6A2866154C00D4F291 /* LaunchScreen.storyboard in Resources */ = {isa = PBXBuildFile; fileRef = 56C1CB692866154C00D4F291 /* LaunchScreen.storyboard */; };
		56C1CB7628661F1400D4F291 /* SnapKit in Frameworks */ = {isa = PBXBuildFile; productRef = 56C1CB7528661F1400D4F291 /* SnapKit */; };
		56C1CB8528665A0D00D4F291 /* Roboto-Medium.ttf in Resources */ = {isa = PBXBuildFile; fileRef = 56C1CB7828665A0D00D4F291 /* Roboto-Medium.ttf */; };
		56C1CB8628665A0D00D4F291 /* Roboto-Light.ttf in Resources */ = {isa = PBXBuildFile; fileRef = 56C1CB7928665A0D00D4F291 /* Roboto-Light.ttf */; };
		56C1CB8728665A0D00D4F291 /* Roboto-Regular.ttf in Resources */ = {isa = PBXBuildFile; fileRef = 56C1CB7A28665A0D00D4F291 /* Roboto-Regular.ttf */; };
		56C1CB8828665A0D00D4F291 /* Roboto-MediumItalic.ttf in Resources */ = {isa = PBXBuildFile; fileRef = 56C1CB7B28665A0D00D4F291 /* Roboto-MediumItalic.ttf */; };
		56C1CB8928665A0D00D4F291 /* Roboto-ThinItalic.ttf in Resources */ = {isa = PBXBuildFile; fileRef = 56C1CB7C28665A0D00D4F291 /* Roboto-ThinItalic.ttf */; };
		56C1CB8A28665A0D00D4F291 /* Roboto-BoldItalic.ttf in Resources */ = {isa = PBXBuildFile; fileRef = 56C1CB7D28665A0D00D4F291 /* Roboto-BoldItalic.ttf */; };
		56C1CB8B28665A0D00D4F291 /* Roboto-LightItalic.ttf in Resources */ = {isa = PBXBuildFile; fileRef = 56C1CB7E28665A0D00D4F291 /* Roboto-LightItalic.ttf */; };
		56C1CB8C28665A0D00D4F291 /* Roboto-Italic.ttf in Resources */ = {isa = PBXBuildFile; fileRef = 56C1CB7F28665A0D00D4F291 /* Roboto-Italic.ttf */; };
		56C1CB8D28665A0D00D4F291 /* LICENSE.txt in Resources */ = {isa = PBXBuildFile; fileRef = 56C1CB8028665A0D00D4F291 /* LICENSE.txt */; };
		56C1CB8E28665A0D00D4F291 /* Roboto-BlackItalic.ttf in Resources */ = {isa = PBXBuildFile; fileRef = 56C1CB8128665A0D00D4F291 /* Roboto-BlackItalic.ttf */; };
		56C1CB8F28665A0D00D4F291 /* Roboto-Bold.ttf in Resources */ = {isa = PBXBuildFile; fileRef = 56C1CB8228665A0D00D4F291 /* Roboto-Bold.ttf */; };
		56C1CB9028665A0D00D4F291 /* Roboto-Thin.ttf in Resources */ = {isa = PBXBuildFile; fileRef = 56C1CB8328665A0D00D4F291 /* Roboto-Thin.ttf */; };
		56C1CB9128665A0D00D4F291 /* Roboto-Black.ttf in Resources */ = {isa = PBXBuildFile; fileRef = 56C1CB8428665A0D00D4F291 /* Roboto-Black.ttf */; };
		56C1CB932866619C00D4F291 /* tableView.swift in Sources */ = {isa = PBXBuildFile; fileRef = 56C1CB922866619C00D4F291 /* tableView.swift */; };
		56C1CB952866D49300D4F291 /* customTableViewCell.swift in Sources */ = {isa = PBXBuildFile; fileRef = 56C1CB942866D49300D4F291 /* customTableViewCell.swift */; };
		56C1CBA42867073B00D4F291 /* Apollo in Frameworks */ = {isa = PBXBuildFile; productRef = 56C1CBA32867073B00D4F291 /* Apollo */; };
		56C1CBA928670CDA00D4F291 /* Apollo.swift in Sources */ = {isa = PBXBuildFile; fileRef = 56C1CBA828670CDA00D4F291 /* Apollo.swift */; };
/* End PBXBuildFile section */

/* Begin PBXContainerItemProxy section */
		56C1CB492866127700D4F291 /* PBXContainerItemProxy */ = {
			isa = PBXContainerItemProxy;
			containerPortal = 56C1CB2A2866127400D4F291 /* Project object */;
			proxyType = 1;
			remoteGlobalIDString = 56C1CB312866127400D4F291;
			remoteInfo = "Rick-Morty-Assessment";
		};
		56C1CB532866127700D4F291 /* PBXContainerItemProxy */ = {
			isa = PBXContainerItemProxy;
			containerPortal = 56C1CB2A2866127400D4F291 /* Project object */;
			proxyType = 1;
			remoteGlobalIDString = 56C1CB312866127400D4F291;
			remoteInfo = "Rick-Morty-Assessment";
		};
/* End PBXContainerItemProxy section */

/* Begin PBXCopyFilesBuildPhase section */
		56C1CB7328661EE000D4F291 /* Embed Frameworks */ = {
			isa = PBXCopyFilesBuildPhase;
			buildActionMask = 2147483647;
			dstPath = "";
			dstSubfolderSpec = 10;
			files = (
			);
			name = "Embed Frameworks";
			runOnlyForDeploymentPostprocessing = 0;
		};
/* End PBXCopyFilesBuildPhase section */

/* Begin PBXFileReference section */
		5672AC542867153900B3A335 /* Queries.graphql */ = {isa = PBXFileReference; lastKnownFileType = text; path = Queries.graphql; sourceTree = "<group>"; };
		5672AC562867176700B3A335 /* schema.json */ = {isa = PBXFileReference; fileEncoding = 4; lastKnownFileType = text.json; path = schema.json; sourceTree = "<group>"; };
		5672AC58286717DB00B3A335 /* API.swift */ = {isa = PBXFileReference; fileEncoding = 4; lastKnownFileType = sourcecode.swift; name = API.swift; path = "Rick-Morty-Assessment/API.swift"; sourceTree = SOURCE_ROOT; };
		5672AC5F28679C1200B3A335 /* filterView.swift */ = {isa = PBXFileReference; lastKnownFileType = sourcecode.swift; path = filterView.swift; sourceTree = "<group>"; };
		56C1CB322866127400D4F291 /* Rick-Morty-Assessment.app */ = {isa = PBXFileReference; explicitFileType = wrapper.application; includeInIndex = 0; path = "Rick-Morty-Assessment.app"; sourceTree = BUILT_PRODUCTS_DIR; };
		56C1CB352866127400D4F291 /* AppDelegate.swift */ = {isa = PBXFileReference; lastKnownFileType = sourcecode.swift; path = AppDelegate.swift; sourceTree = "<group>"; };
		56C1CB372866127400D4F291 /* SceneDelegate.swift */ = {isa = PBXFileReference; lastKnownFileType = sourcecode.swift; path = SceneDelegate.swift; sourceTree = "<group>"; };
		56C1CB392866127400D4F291 /* ViewController.swift */ = {isa = PBXFileReference; lastKnownFileType = sourcecode.swift; path = ViewController.swift; sourceTree = "<group>"; };
		56C1CB3E2866127700D4F291 /* Assets.xcassets */ = {isa = PBXFileReference; lastKnownFileType = folder.assetcatalog; path = Assets.xcassets; sourceTree = "<group>"; };
		56C1CB432866127700D4F291 /* Info.plist */ = {isa = PBXFileReference; lastKnownFileType = text.plist.xml; path = Info.plist; sourceTree = "<group>"; };
		56C1CB482866127700D4F291 /* Rick-Morty-AssessmentTests.xctest */ = {isa = PBXFileReference; explicitFileType = wrapper.cfbundle; includeInIndex = 0; path = "Rick-Morty-AssessmentTests.xctest"; sourceTree = BUILT_PRODUCTS_DIR; };
		56C1CB4C2866127700D4F291 /* Rick_Morty_AssessmentTests.swift */ = {isa = PBXFileReference; lastKnownFileType = sourcecode.swift; path = Rick_Morty_AssessmentTests.swift; sourceTree = "<group>"; };
		56C1CB522866127700D4F291 /* Rick-Morty-AssessmentUITests.xctest */ = {isa = PBXFileReference; explicitFileType = wrapper.cfbundle; includeInIndex = 0; path = "Rick-Morty-AssessmentUITests.xctest"; sourceTree = BUILT_PRODUCTS_DIR; };
		56C1CB562866127700D4F291 /* Rick_Morty_AssessmentUITests.swift */ = {isa = PBXFileReference; lastKnownFileType = sourcecode.swift; path = Rick_Morty_AssessmentUITests.swift; sourceTree = "<group>"; };
		56C1CB582866127700D4F291 /* Rick_Morty_AssessmentUITestsLaunchTests.swift */ = {isa = PBXFileReference; lastKnownFileType = sourcecode.swift; path = Rick_Morty_AssessmentUITestsLaunchTests.swift; sourceTree = "<group>"; };
		56C1CB65286614BA00D4F291 /* ViewModel.swift */ = {isa = PBXFileReference; lastKnownFileType = sourcecode.swift; path = ViewModel.swift; sourceTree = "<group>"; };
		56C1CB67286614C500D4F291 /* Model.swift */ = {isa = PBXFileReference; lastKnownFileType = sourcecode.swift; path = Model.swift; sourceTree = "<group>"; };
		56C1CB692866154C00D4F291 /* LaunchScreen.storyboard */ = {isa = PBXFileReference; lastKnownFileType = file.storyboard; path = LaunchScreen.storyboard; sourceTree = "<group>"; };
		56C1CB7828665A0D00D4F291 /* Roboto-Medium.ttf */ = {isa = PBXFileReference; lastKnownFileType = file; path = "Roboto-Medium.ttf"; sourceTree = "<group>"; };
		56C1CB7928665A0D00D4F291 /* Roboto-Light.ttf */ = {isa = PBXFileReference; lastKnownFileType = file; path = "Roboto-Light.ttf"; sourceTree = "<group>"; };
		56C1CB7A28665A0D00D4F291 /* Roboto-Regular.ttf */ = {isa = PBXFileReference; lastKnownFileType = file; path = "Roboto-Regular.ttf"; sourceTree = "<group>"; };
		56C1CB7B28665A0D00D4F291 /* Roboto-MediumItalic.ttf */ = {isa = PBXFileReference; lastKnownFileType = file; path = "Roboto-MediumItalic.ttf"; sourceTree = "<group>"; };
		56C1CB7C28665A0D00D4F291 /* Roboto-ThinItalic.ttf */ = {isa = PBXFileReference; lastKnownFileType = file; path = "Roboto-ThinItalic.ttf"; sourceTree = "<group>"; };
		56C1CB7D28665A0D00D4F291 /* Roboto-BoldItalic.ttf */ = {isa = PBXFileReference; lastKnownFileType = file; path = "Roboto-BoldItalic.ttf"; sourceTree = "<group>"; };
		56C1CB7E28665A0D00D4F291 /* Roboto-LightItalic.ttf */ = {isa = PBXFileReference; lastKnownFileType = file; path = "Roboto-LightItalic.ttf"; sourceTree = "<group>"; };
		56C1CB7F28665A0D00D4F291 /* Roboto-Italic.ttf */ = {isa = PBXFileReference; lastKnownFileType = file; path = "Roboto-Italic.ttf"; sourceTree = "<group>"; };
		56C1CB8028665A0D00D4F291 /* LICENSE.txt */ = {isa = PBXFileReference; fileEncoding = 4; lastKnownFileType = text; path = LICENSE.txt; sourceTree = "<group>"; };
		56C1CB8128665A0D00D4F291 /* Roboto-BlackItalic.ttf */ = {isa = PBXFileReference; lastKnownFileType = file; path = "Roboto-BlackItalic.ttf"; sourceTree = "<group>"; };
		56C1CB8228665A0D00D4F291 /* Roboto-Bold.ttf */ = {isa = PBXFileReference; lastKnownFileType = file; path = "Roboto-Bold.ttf"; sourceTree = "<group>"; };
		56C1CB8328665A0D00D4F291 /* Roboto-Thin.ttf */ = {isa = PBXFileReference; lastKnownFileType = file; path = "Roboto-Thin.ttf"; sourceTree = "<group>"; };
		56C1CB8428665A0D00D4F291 /* Roboto-Black.ttf */ = {isa = PBXFileReference; lastKnownFileType = file; path = "Roboto-Black.ttf"; sourceTree = "<group>"; };
		56C1CB922866619C00D4F291 /* tableView.swift */ = {isa = PBXFileReference; lastKnownFileType = sourcecode.swift; path = tableView.swift; sourceTree = "<group>"; };
		56C1CB942866D49300D4F291 /* customTableViewCell.swift */ = {isa = PBXFileReference; lastKnownFileType = sourcecode.swift; path = customTableViewCell.swift; sourceTree = "<group>"; };
		56C1CBA828670CDA00D4F291 /* Apollo.swift */ = {isa = PBXFileReference; lastKnownFileType = sourcecode.swift; path = Apollo.swift; sourceTree = "<group>"; };
/* End PBXFileReference section */

/* Begin PBXFrameworksBuildPhase section */
		56C1CB2F2866127400D4F291 /* Frameworks */ = {
			isa = PBXFrameworksBuildPhase;
			buildActionMask = 2147483647;
			files = (
				56C1CB7628661F1400D4F291 /* SnapKit in Frameworks */,
				56C1CBA42867073B00D4F291 /* Apollo in Frameworks */,
				5672AC5E2867446C00B3A335 /* Longinus in Frameworks */,
			);
			runOnlyForDeploymentPostprocessing = 0;
		};
		56C1CB452866127700D4F291 /* Frameworks */ = {
			isa = PBXFrameworksBuildPhase;
			buildActionMask = 2147483647;
			files = (
			);
			runOnlyForDeploymentPostprocessing = 0;
		};
		56C1CB4F2866127700D4F291 /* Frameworks */ = {
			isa = PBXFrameworksBuildPhase;
			buildActionMask = 2147483647;
			files = (
			);
			runOnlyForDeploymentPostprocessing = 0;
		};
/* End PBXFrameworksBuildPhase section */

/* Begin PBXGroup section */
		56C1CB292866127400D4F291 = {
			isa = PBXGroup;
			children = (
				56C1CB342866127400D4F291 /* Rick-Morty-Assessment */,
				56C1CB4B2866127700D4F291 /* Rick-Morty-AssessmentTests */,
				56C1CB552866127700D4F291 /* Rick-Morty-AssessmentUITests */,
				56C1CB332866127400D4F291 /* Products */,
			);
			sourceTree = "<group>";
		};
		56C1CB332866127400D4F291 /* Products */ = {
			isa = PBXGroup;
			children = (
				56C1CB322866127400D4F291 /* Rick-Morty-Assessment.app */,
				56C1CB482866127700D4F291 /* Rick-Morty-AssessmentTests.xctest */,
				56C1CB522866127700D4F291 /* Rick-Morty-AssessmentUITests.xctest */,
			);
			name = Products;
			sourceTree = "<group>";
		};
		56C1CB342866127400D4F291 /* Rick-Morty-Assessment */ = {
			isa = PBXGroup;
			children = (
				56C1CB352866127400D4F291 /* AppDelegate.swift */,
				56C1CB372866127400D4F291 /* SceneDelegate.swift */,
				5672AC562867176700B3A335 /* schema.json */,
				56C1CB992866D4AA00D4F291 /* ViewController */,
				56C1CB982866D4A500D4F291 /* ViewModel */,
				56C1CB972866D4A000D4F291 /* Model */,
				56C1CB962866D49A00D4F291 /* View */,
				56C1CB3E2866127700D4F291 /* Assets.xcassets */,
				56C1CB432866127700D4F291 /* Info.plist */,
				56C1CB692866154C00D4F291 /* LaunchScreen.storyboard */,
				56C1CBA728670CCE00D4F291 /* GraphQL */,
				56C1CB7728665A0D00D4F291 /* Roboto */,
			);
			path = "Rick-Morty-Assessment";
			sourceTree = "<group>";
		};
		56C1CB4B2866127700D4F291 /* Rick-Morty-AssessmentTests */ = {
			isa = PBXGroup;
			children = (
				56C1CB4C2866127700D4F291 /* Rick_Morty_AssessmentTests.swift */,
			);
			path = "Rick-Morty-AssessmentTests";
			sourceTree = "<group>";
		};
		56C1CB552866127700D4F291 /* Rick-Morty-AssessmentUITests */ = {
			isa = PBXGroup;
			children = (
				56C1CB562866127700D4F291 /* Rick_Morty_AssessmentUITests.swift */,
				56C1CB582866127700D4F291 /* Rick_Morty_AssessmentUITestsLaunchTests.swift */,
			);
			path = "Rick-Morty-AssessmentUITests";
			sourceTree = "<group>";
		};
		56C1CB7728665A0D00D4F291 /* Roboto */ = {
			isa = PBXGroup;
			children = (
				56C1CB7828665A0D00D4F291 /* Roboto-Medium.ttf */,
				56C1CB7928665A0D00D4F291 /* Roboto-Light.ttf */,
				56C1CB7A28665A0D00D4F291 /* Roboto-Regular.ttf */,
				56C1CB7B28665A0D00D4F291 /* Roboto-MediumItalic.ttf */,
				56C1CB7C28665A0D00D4F291 /* Roboto-ThinItalic.ttf */,
				56C1CB7D28665A0D00D4F291 /* Roboto-BoldItalic.ttf */,
				56C1CB7E28665A0D00D4F291 /* Roboto-LightItalic.ttf */,
				56C1CB7F28665A0D00D4F291 /* Roboto-Italic.ttf */,
				56C1CB8028665A0D00D4F291 /* LICENSE.txt */,
				56C1CB8128665A0D00D4F291 /* Roboto-BlackItalic.ttf */,
				56C1CB8228665A0D00D4F291 /* Roboto-Bold.ttf */,
				56C1CB8328665A0D00D4F291 /* Roboto-Thin.ttf */,
				56C1CB8428665A0D00D4F291 /* Roboto-Black.ttf */,
			);
			path = Roboto;
			sourceTree = "<group>";
		};
		56C1CB962866D49A00D4F291 /* View */ = {
			isa = PBXGroup;
			children = (
				56C1CB942866D49300D4F291 /* customTableViewCell.swift */,
				56C1CB922866619C00D4F291 /* tableView.swift */,
				5672AC5F28679C1200B3A335 /* filterView.swift */,
			);
			path = View;
			sourceTree = "<group>";
		};
		56C1CB972866D4A000D4F291 /* Model */ = {
			isa = PBXGroup;
			children = (
				56C1CB67286614C500D4F291 /* Model.swift */,
			);
			path = Model;
			sourceTree = "<group>";
		};
		56C1CB982866D4A500D4F291 /* ViewModel */ = {
			isa = PBXGroup;
			children = (
				56C1CB65286614BA00D4F291 /* ViewModel.swift */,
			);
			path = ViewModel;
			sourceTree = "<group>";
		};
		56C1CB992866D4AA00D4F291 /* ViewController */ = {
			isa = PBXGroup;
			children = (
				56C1CB392866127400D4F291 /* ViewController.swift */,
			);
			path = ViewController;
			sourceTree = "<group>";
		};
		56C1CBA728670CCE00D4F291 /* GraphQL */ = {
			isa = PBXGroup;
			children = (
				5672AC58286717DB00B3A335 /* API.swift */,
				56C1CBA828670CDA00D4F291 /* Apollo.swift */,
				5672AC542867153900B3A335 /* Queries.graphql */,
			);
			path = GraphQL;
			sourceTree = "<group>";
		};
/* End PBXGroup section */

/* Begin PBXNativeTarget section */
		56C1CB312866127400D4F291 /* Rick-Morty-Assessment */ = {
			isa = PBXNativeTarget;
			buildConfigurationList = 56C1CB5C2866127700D4F291 /* Build configuration list for PBXNativeTarget "Rick-Morty-Assessment" */;
			buildPhases = (
				56C1CBAC28670DED00D4F291 /* Generate Apollo GraphQL API */,
				56C1CB2E2866127400D4F291 /* Sources */,
				56C1CB2F2866127400D4F291 /* Frameworks */,
				56C1CB302866127400D4F291 /* Resources */,
				56C1CB7328661EE000D4F291 /* Embed Frameworks */,
			);
			buildRules = (
			);
			dependencies = (
			);
			name = "Rick-Morty-Assessment";
			packageProductDependencies = (
				56C1CB7528661F1400D4F291 /* SnapKit */,
				56C1CBA32867073B00D4F291 /* Apollo */,
				5672AC5D2867446C00B3A335 /* Longinus */,
			);
			productName = "Rick-Morty-Assessment";
			productReference = 56C1CB322866127400D4F291 /* Rick-Morty-Assessment.app */;
			productType = "com.apple.product-type.application";
		};
		56C1CB472866127700D4F291 /* Rick-Morty-AssessmentTests */ = {
			isa = PBXNativeTarget;
			buildConfigurationList = 56C1CB5F2866127700D4F291 /* Build configuration list for PBXNativeTarget "Rick-Morty-AssessmentTests" */;
			buildPhases = (
				56C1CB442866127700D4F291 /* Sources */,
				56C1CB452866127700D4F291 /* Frameworks */,
				56C1CB462866127700D4F291 /* Resources */,
			);
			buildRules = (
			);
			dependencies = (
				56C1CB4A2866127700D4F291 /* PBXTargetDependency */,
			);
			name = "Rick-Morty-AssessmentTests";
			productName = "Rick-Morty-AssessmentTests";
			productReference = 56C1CB482866127700D4F291 /* Rick-Morty-AssessmentTests.xctest */;
			productType = "com.apple.product-type.bundle.unit-test";
		};
		56C1CB512866127700D4F291 /* Rick-Morty-AssessmentUITests */ = {
			isa = PBXNativeTarget;
			buildConfigurationList = 56C1CB622866127700D4F291 /* Build configuration list for PBXNativeTarget "Rick-Morty-AssessmentUITests" */;
			buildPhases = (
				56C1CB4E2866127700D4F291 /* Sources */,
				56C1CB4F2866127700D4F291 /* Frameworks */,
				56C1CB502866127700D4F291 /* Resources */,
			);
			buildRules = (
			);
			dependencies = (
				56C1CB542866127700D4F291 /* PBXTargetDependency */,
			);
			name = "Rick-Morty-AssessmentUITests";
			productName = "Rick-Morty-AssessmentUITests";
			productReference = 56C1CB522866127700D4F291 /* Rick-Morty-AssessmentUITests.xctest */;
			productType = "com.apple.product-type.bundle.ui-testing";
		};
/* End PBXNativeTarget section */

/* Begin PBXProject section */
		56C1CB2A2866127400D4F291 /* Project object */ = {
			isa = PBXProject;
			attributes = {
				BuildIndependentTargetsInParallel = 1;
				LastSwiftUpdateCheck = 1340;
				LastUpgradeCheck = 1340;
				TargetAttributes = {
					56C1CB312866127400D4F291 = {
						CreatedOnToolsVersion = 13.4.1;
					};
					56C1CB472866127700D4F291 = {
						CreatedOnToolsVersion = 13.4.1;
						TestTargetID = 56C1CB312866127400D4F291;
					};
					56C1CB512866127700D4F291 = {
						CreatedOnToolsVersion = 13.4.1;
						TestTargetID = 56C1CB312866127400D4F291;
					};
				};
			};
			buildConfigurationList = 56C1CB2D2866127400D4F291 /* Build configuration list for PBXProject "Rick-Morty-Assessment" */;
			compatibilityVersion = "Xcode 13.0";
			developmentRegion = en;
			hasScannedForEncodings = 0;
			knownRegions = (
				en,
				Base,
			);
			mainGroup = 56C1CB292866127400D4F291;
			packageReferences = (
				56C1CB7428661F1400D4F291 /* XCRemoteSwiftPackageReference "SnapKit" */,
				56C1CBA22867073A00D4F291 /* XCRemoteSwiftPackageReference "apollo-ios" */,
				5672AC5C2867446C00B3A335 /* XCRemoteSwiftPackageReference "Longinus" */,
			);
			productRefGroup = 56C1CB332866127400D4F291 /* Products */;
			projectDirPath = "";
			projectRoot = "";
			targets = (
				56C1CB312866127400D4F291 /* Rick-Morty-Assessment */,
				56C1CB472866127700D4F291 /* Rick-Morty-AssessmentTests */,
				56C1CB512866127700D4F291 /* Rick-Morty-AssessmentUITests */,
			);
		};
/* End PBXProject section */

/* Begin PBXResourcesBuildPhase section */
		56C1CB302866127400D4F291 /* Resources */ = {
			isa = PBXResourcesBuildPhase;
			buildActionMask = 2147483647;
			files = (
				56C1CB8F28665A0D00D4F291 /* Roboto-Bold.ttf in Resources */,
				56C1CB8D28665A0D00D4F291 /* LICENSE.txt in Resources */,
				56C1CB8A28665A0D00D4F291 /* Roboto-BoldItalic.ttf in Resources */,
				56C1CB8728665A0D00D4F291 /* Roboto-Regular.ttf in Resources */,
				56C1CB8B28665A0D00D4F291 /* Roboto-LightItalic.ttf in Resources */,
				56C1CB8528665A0D00D4F291 /* Roboto-Medium.ttf in Resources */,
				56C1CB3F2866127700D4F291 /* Assets.xcassets in Resources */,
				56C1CB8E28665A0D00D4F291 /* Roboto-BlackItalic.ttf in Resources */,
				56C1CB9028665A0D00D4F291 /* Roboto-Thin.ttf in Resources */,
				56C1CB8628665A0D00D4F291 /* Roboto-Light.ttf in Resources */,
				5672AC572867176700B3A335 /* schema.json in Resources */,
				56C1CB8928665A0D00D4F291 /* Roboto-ThinItalic.ttf in Resources */,
				56C1CB9128665A0D00D4F291 /* Roboto-Black.ttf in Resources */,
				5672AC552867153900B3A335 /* Queries.graphql in Resources */,
				56C1CB8828665A0D00D4F291 /* Roboto-MediumItalic.ttf in Resources */,
				56C1CB8C28665A0D00D4F291 /* Roboto-Italic.ttf in Resources */,
				56C1CB6A2866154C00D4F291 /* LaunchScreen.storyboard in Resources */,
			);
			runOnlyForDeploymentPostprocessing = 0;
		};
		56C1CB462866127700D4F291 /* Resources */ = {
			isa = PBXResourcesBuildPhase;
			buildActionMask = 2147483647;
			files = (
			);
			runOnlyForDeploymentPostprocessing = 0;
		};
		56C1CB502866127700D4F291 /* Resources */ = {
			isa = PBXResourcesBuildPhase;
			buildActionMask = 2147483647;
			files = (
			);
			runOnlyForDeploymentPostprocessing = 0;
		};
/* End PBXResourcesBuildPhase section */

/* Begin PBXShellScriptBuildPhase section */
		56C1CBAC28670DED00D4F291 /* Generate Apollo GraphQL API */ = {
			isa = PBXShellScriptBuildPhase;
			buildActionMask = 12;
			files = (
			);
			inputFileListPaths = (
			);
			inputPaths = (
			);
			name = "Generate Apollo GraphQL API";
			outputFileListPaths = (
			);
			outputPaths = (
			);
			runOnlyForDeploymentPostprocessing = 0;
			shellPath = /bin/sh;
			shellScript = "# Don't run this during index builds\nif [ $ACTION = \"indexbuild\" ]; then exit 0; fi\n\n# Go to the build root and search up the chain to find the Derived Data Path where the source packages are checked out.\nDERIVED_DATA_CANDIDATE=\"${BUILD_ROOT}\"\n\nwhile ! [ -d \"${DERIVED_DATA_CANDIDATE}/SourcePackages\" ]; do\n  if [ \"${DERIVED_DATA_CANDIDATE}\" = / ]; then\n    echo >&2 \"error: Unable to locate SourcePackages directory from BUILD_ROOT: '${BUILD_ROOT}'\"\n    exit 1\n  fi\n\n  DERIVED_DATA_CANDIDATE=\"$(dirname \"${DERIVED_DATA_CANDIDATE}\")\"\ndone\n\n# Grab a reference to the directory where scripts are checked out\nSCRIPT_PATH=\"${DERIVED_DATA_CANDIDATE}/SourcePackages/checkouts/apollo-ios/scripts\"\n\nif [ -z \"${SCRIPT_PATH}\" ]; then\n    echo >&2 \"error: Couldn't find the CLI script in your checked out SPM packages; make sure to add the framework to your project.\"\n    exit 1\nfi\n\ncd \"${SRCROOT}/${TARGET_NAME}\"\n\"${SCRIPT_PATH}\"/run-bundled-codegen.sh codegen:generate --target=swift --includes=./**/*.graphql --localSchemaFile=\"schema.json\" API.swift\n";
		};
/* End PBXShellScriptBuildPhase section */

/* Begin PBXSourcesBuildPhase section */
		56C1CB2E2866127400D4F291 /* Sources */ = {
			isa = PBXSourcesBuildPhase;
			buildActionMask = 2147483647;
			files = (
				56C1CB68286614C500D4F291 /* Model.swift in Sources */,
				56C1CB3A2866127400D4F291 /* ViewController.swift in Sources */,
				56C1CB362866127400D4F291 /* AppDelegate.swift in Sources */,
				56C1CB952866D49300D4F291 /* customTableViewCell.swift in Sources */,
				5672AC6028679C1200B3A335 /* filterView.swift in Sources */,
				56C1CB66286614BA00D4F291 /* ViewModel.swift in Sources */,
				56C1CB382866127400D4F291 /* SceneDelegate.swift in Sources */,
				56C1CBA928670CDA00D4F291 /* Apollo.swift in Sources */,
				5672AC59286717DB00B3A335 /* API.swift in Sources */,
				56C1CB932866619C00D4F291 /* tableView.swift in Sources */,
			);
			runOnlyForDeploymentPostprocessing = 0;
		};
		56C1CB442866127700D4F291 /* Sources */ = {
			isa = PBXSourcesBuildPhase;
			buildActionMask = 2147483647;
			files = (
				56C1CB4D2866127700D4F291 /* Rick_Morty_AssessmentTests.swift in Sources */,
			);
			runOnlyForDeploymentPostprocessing = 0;
		};
		56C1CB4E2866127700D4F291 /* Sources */ = {
			isa = PBXSourcesBuildPhase;
			buildActionMask = 2147483647;
			files = (
				56C1CB572866127700D4F291 /* Rick_Morty_AssessmentUITests.swift in Sources */,
				56C1CB592866127700D4F291 /* Rick_Morty_AssessmentUITestsLaunchTests.swift in Sources */,
			);
			runOnlyForDeploymentPostprocessing = 0;
		};
/* End PBXSourcesBuildPhase section */

/* Begin PBXTargetDependency section */
		56C1CB4A2866127700D4F291 /* PBXTargetDependency */ = {
			isa = PBXTargetDependency;
			target = 56C1CB312866127400D4F291 /* Rick-Morty-Assessment */;
			targetProxy = 56C1CB492866127700D4F291 /* PBXContainerItemProxy */;
		};
		56C1CB542866127700D4F291 /* PBXTargetDependency */ = {
			isa = PBXTargetDependency;
			target = 56C1CB312866127400D4F291 /* Rick-Morty-Assessment */;
			targetProxy = 56C1CB532866127700D4F291 /* PBXContainerItemProxy */;
		};
/* End PBXTargetDependency section */

/* Begin XCBuildConfiguration section */
		56C1CB5A2866127700D4F291 /* Debug */ = {
			isa = XCBuildConfiguration;
			buildSettings = {
				ALWAYS_SEARCH_USER_PATHS = NO;
				CLANG_ANALYZER_NONNULL = YES;
				CLANG_ANALYZER_NUMBER_OBJECT_CONVERSION = YES_AGGRESSIVE;
				CLANG_CXX_LANGUAGE_STANDARD = "gnu++17";
				CLANG_ENABLE_MODULES = YES;
				CLANG_ENABLE_OBJC_ARC = YES;
				CLANG_ENABLE_OBJC_WEAK = YES;
				CLANG_WARN_BLOCK_CAPTURE_AUTORELEASING = YES;
				CLANG_WARN_BOOL_CONVERSION = YES;
				CLANG_WARN_COMMA = YES;
				CLANG_WARN_CONSTANT_CONVERSION = YES;
				CLANG_WARN_DEPRECATED_OBJC_IMPLEMENTATIONS = YES;
				CLANG_WARN_DIRECT_OBJC_ISA_USAGE = YES_ERROR;
				CLANG_WARN_DOCUMENTATION_COMMENTS = YES;
				CLANG_WARN_EMPTY_BODY = YES;
				CLANG_WARN_ENUM_CONVERSION = YES;
				CLANG_WARN_INFINITE_RECURSION = YES;
				CLANG_WARN_INT_CONVERSION = YES;
				CLANG_WARN_NON_LITERAL_NULL_CONVERSION = YES;
				CLANG_WARN_OBJC_IMPLICIT_RETAIN_SELF = YES;
				CLANG_WARN_OBJC_LITERAL_CONVERSION = YES;
				CLANG_WARN_OBJC_ROOT_CLASS = YES_ERROR;
				CLANG_WARN_QUOTED_INCLUDE_IN_FRAMEWORK_HEADER = YES;
				CLANG_WARN_RANGE_LOOP_ANALYSIS = YES;
				CLANG_WARN_STRICT_PROTOTYPES = YES;
				CLANG_WARN_SUSPICIOUS_MOVE = YES;
				CLANG_WARN_UNGUARDED_AVAILABILITY = YES_AGGRESSIVE;
				CLANG_WARN_UNREACHABLE_CODE = YES;
				CLANG_WARN__DUPLICATE_METHOD_MATCH = YES;
				COPY_PHASE_STRIP = NO;
				DEBUG_INFORMATION_FORMAT = dwarf;
				ENABLE_STRICT_OBJC_MSGSEND = YES;
				ENABLE_TESTABILITY = YES;
				GCC_C_LANGUAGE_STANDARD = gnu11;
				GCC_DYNAMIC_NO_PIC = NO;
				GCC_NO_COMMON_BLOCKS = YES;
				GCC_OPTIMIZATION_LEVEL = 0;
				GCC_PREPROCESSOR_DEFINITIONS = (
					"DEBUG=1",
					"$(inherited)",
				);
				GCC_WARN_64_TO_32_BIT_CONVERSION = YES;
				GCC_WARN_ABOUT_RETURN_TYPE = YES_ERROR;
				GCC_WARN_UNDECLARED_SELECTOR = YES;
				GCC_WARN_UNINITIALIZED_AUTOS = YES_AGGRESSIVE;
				GCC_WARN_UNUSED_FUNCTION = YES;
				GCC_WARN_UNUSED_VARIABLE = YES;
				IPHONEOS_DEPLOYMENT_TARGET = 15.0;
				MTL_ENABLE_DEBUG_INFO = INCLUDE_SOURCE;
				MTL_FAST_MATH = YES;
				ONLY_ACTIVE_ARCH = YES;
				SDKROOT = iphoneos;
				SWIFT_ACTIVE_COMPILATION_CONDITIONS = DEBUG;
				SWIFT_OPTIMIZATION_LEVEL = "-Onone";
			};
			name = Debug;
		};
		56C1CB5B2866127700D4F291 /* Release */ = {
			isa = XCBuildConfiguration;
			buildSettings = {
				ALWAYS_SEARCH_USER_PATHS = NO;
				CLANG_ANALYZER_NONNULL = YES;
				CLANG_ANALYZER_NUMBER_OBJECT_CONVERSION = YES_AGGRESSIVE;
				CLANG_CXX_LANGUAGE_STANDARD = "gnu++17";
				CLANG_ENABLE_MODULES = YES;
				CLANG_ENABLE_OBJC_ARC = YES;
				CLANG_ENABLE_OBJC_WEAK = YES;
				CLANG_WARN_BLOCK_CAPTURE_AUTORELEASING = YES;
				CLANG_WARN_BOOL_CONVERSION = YES;
				CLANG_WARN_COMMA = YES;
				CLANG_WARN_CONSTANT_CONVERSION = YES;
				CLANG_WARN_DEPRECATED_OBJC_IMPLEMENTATIONS = YES;
				CLANG_WARN_DIRECT_OBJC_ISA_USAGE = YES_ERROR;
				CLANG_WARN_DOCUMENTATION_COMMENTS = YES;
				CLANG_WARN_EMPTY_BODY = YES;
				CLANG_WARN_ENUM_CONVERSION = YES;
				CLANG_WARN_INFINITE_RECURSION = YES;
				CLANG_WARN_INT_CONVERSION = YES;
				CLANG_WARN_NON_LITERAL_NULL_CONVERSION = YES;
				CLANG_WARN_OBJC_IMPLICIT_RETAIN_SELF = YES;
				CLANG_WARN_OBJC_LITERAL_CONVERSION = YES;
				CLANG_WARN_OBJC_ROOT_CLASS = YES_ERROR;
				CLANG_WARN_QUOTED_INCLUDE_IN_FRAMEWORK_HEADER = YES;
				CLANG_WARN_RANGE_LOOP_ANALYSIS = YES;
				CLANG_WARN_STRICT_PROTOTYPES = YES;
				CLANG_WARN_SUSPICIOUS_MOVE = YES;
				CLANG_WARN_UNGUARDED_AVAILABILITY = YES_AGGRESSIVE;
				CLANG_WARN_UNREACHABLE_CODE = YES;
				CLANG_WARN__DUPLICATE_METHOD_MATCH = YES;
				COPY_PHASE_STRIP = NO;
				DEBUG_INFORMATION_FORMAT = "dwarf-with-dsym";
				ENABLE_NS_ASSERTIONS = NO;
				ENABLE_STRICT_OBJC_MSGSEND = YES;
				GCC_C_LANGUAGE_STANDARD = gnu11;
				GCC_NO_COMMON_BLOCKS = YES;
				GCC_WARN_64_TO_32_BIT_CONVERSION = YES;
				GCC_WARN_ABOUT_RETURN_TYPE = YES_ERROR;
				GCC_WARN_UNDECLARED_SELECTOR = YES;
				GCC_WARN_UNINITIALIZED_AUTOS = YES_AGGRESSIVE;
				GCC_WARN_UNUSED_FUNCTION = YES;
				GCC_WARN_UNUSED_VARIABLE = YES;
				IPHONEOS_DEPLOYMENT_TARGET = 15.0;
				MTL_ENABLE_DEBUG_INFO = NO;
				MTL_FAST_MATH = YES;
				SDKROOT = iphoneos;
				SWIFT_COMPILATION_MODE = wholemodule;
				SWIFT_OPTIMIZATION_LEVEL = "-O";
				VALIDATE_PRODUCT = YES;
			};
			name = Release;
		};
		56C1CB5D2866127700D4F291 /* Debug */ = {
			isa = XCBuildConfiguration;
			buildSettings = {
				ASSETCATALOG_COMPILER_APPICON_NAME = "AppIcon-1";
				ASSETCATALOG_COMPILER_GLOBAL_ACCENT_COLOR_NAME = AccentColor;
				CODE_SIGN_STYLE = Automatic;
				CURRENT_PROJECT_VERSION = 1;
				DEVELOPMENT_TEAM = QK8LY36SC5;
				GENERATE_INFOPLIST_FILE = YES;
				INFOPLIST_FILE = "Rick-Morty-Assessment/Info.plist";
				INFOPLIST_KEY_UIApplicationSupportsIndirectInputEvents = YES;
				INFOPLIST_KEY_UILaunchStoryboardName = LaunchScreen;
				INFOPLIST_KEY_UISupportedInterfaceOrientations_iPad = "UIInterfaceOrientationPortrait UIInterfaceOrientationPortraitUpsideDown UIInterfaceOrientationLandscapeLeft UIInterfaceOrientationLandscapeRight";
				INFOPLIST_KEY_UISupportedInterfaceOrientations_iPhone = "UIInterfaceOrientationPortrait UIInterfaceOrientationLandscapeLeft UIInterfaceOrientationLandscapeRight";
				INFOPLIST_KEY_UIUserInterfaceStyle = Light;
				LD_RUNPATH_SEARCH_PATHS = (
					"$(inherited)",
					"@executable_path/Frameworks",
				);
				MARKETING_VERSION = 1.0;
				PRODUCT_BUNDLE_IDENTIFIER = "test.Rick-Morty-Assessment";
				PRODUCT_NAME = "$(TARGET_NAME)";
				SWIFT_EMIT_LOC_STRINGS = YES;
				SWIFT_VERSION = 5.0;
				TARGETED_DEVICE_FAMILY = "1,2";
			};
			name = Debug;
		};
		56C1CB5E2866127700D4F291 /* Release */ = {
			isa = XCBuildConfiguration;
			buildSettings = {
				ASSETCATALOG_COMPILER_APPICON_NAME = "AppIcon-1";
				ASSETCATALOG_COMPILER_GLOBAL_ACCENT_COLOR_NAME = AccentColor;
				CODE_SIGN_STYLE = Automatic;
				CURRENT_PROJECT_VERSION = 1;
				DEVELOPMENT_TEAM = QK8LY36SC5;
				GENERATE_INFOPLIST_FILE = YES;
				INFOPLIST_FILE = "Rick-Morty-Assessment/Info.plist";
				INFOPLIST_KEY_UIApplicationSupportsIndirectInputEvents = YES;
				INFOPLIST_KEY_UILaunchStoryboardName = LaunchScreen;
				INFOPLIST_KEY_UISupportedInterfaceOrientations_iPad = "UIInterfaceOrientationPortrait UIInterfaceOrientationPortraitUpsideDown UIInterfaceOrientationLandscapeLeft UIInterfaceOrientationLandscapeRight";
				INFOPLIST_KEY_UISupportedInterfaceOrientations_iPhone = "UIInterfaceOrientationPortrait UIInterfaceOrientationLandscapeLeft UIInterfaceOrientationLandscapeRight";
				INFOPLIST_KEY_UIUserInterfaceStyle = Light;
				LD_RUNPATH_SEARCH_PATHS = (
					"$(inherited)",
					"@executable_path/Frameworks",
				);
				MARKETING_VERSION = 1.0;
				PRODUCT_BUNDLE_IDENTIFIER = "test.Rick-Morty-Assessment";
				PRODUCT_NAME = "$(TARGET_NAME)";
				SWIFT_EMIT_LOC_STRINGS = YES;
				SWIFT_VERSION = 5.0;
				TARGETED_DEVICE_FAMILY = "1,2";
			};
			name = Release;
		};
		56C1CB602866127700D4F291 /* Debug */ = {
			isa = XCBuildConfiguration;
			buildSettings = {
				ALWAYS_EMBED_SWIFT_STANDARD_LIBRARIES = YES;
				BUNDLE_LOADER = "$(TEST_HOST)";
				CODE_SIGN_STYLE = Automatic;
				CURRENT_PROJECT_VERSION = 1;
				DEVELOPMENT_TEAM = QK8LY36SC5;
				GENERATE_INFOPLIST_FILE = YES;
				IPHONEOS_DEPLOYMENT_TARGET = 15.5;
				MARKETING_VERSION = 1.0;
				PRODUCT_BUNDLE_IDENTIFIER = "test.Rick-Morty-AssessmentTests";
				PRODUCT_NAME = "$(TARGET_NAME)";
				SWIFT_EMIT_LOC_STRINGS = NO;
				SWIFT_VERSION = 5.0;
				TARGETED_DEVICE_FAMILY = "1,2";
				TEST_HOST = "$(BUILT_PRODUCTS_DIR)/Rick-Morty-Assessment.app/Rick-Morty-Assessment";
			};
			name = Debug;
		};
		56C1CB612866127700D4F291 /* Release */ = {
			isa = XCBuildConfiguration;
			buildSettings = {
				ALWAYS_EMBED_SWIFT_STANDARD_LIBRARIES = YES;
				BUNDLE_LOADER = "$(TEST_HOST)";
				CODE_SIGN_STYLE = Automatic;
				CURRENT_PROJECT_VERSION = 1;
				DEVELOPMENT_TEAM = QK8LY36SC5;
				GENERATE_INFOPLIST_FILE = YES;
				IPHONEOS_DEPLOYMENT_TARGET = 15.5;
				MARKETING_VERSION = 1.0;
				PRODUCT_BUNDLE_IDENTIFIER = "test.Rick-Morty-AssessmentTests";
				PRODUCT_NAME = "$(TARGET_NAME)";
				SWIFT_EMIT_LOC_STRINGS = NO;
				SWIFT_VERSION = 5.0;
				TARGETED_DEVICE_FAMILY = "1,2";
				TEST_HOST = "$(BUILT_PRODUCTS_DIR)/Rick-Morty-Assessment.app/Rick-Morty-Assessment";
			};
			name = Release;
		};
		56C1CB632866127700D4F291 /* Debug */ = {
			isa = XCBuildConfiguration;
			buildSettings = {
				ALWAYS_EMBED_SWIFT_STANDARD_LIBRARIES = YES;
				CODE_SIGN_STYLE = Automatic;
				CURRENT_PROJECT_VERSION = 1;
				DEVELOPMENT_TEAM = QK8LY36SC5;
				GENERATE_INFOPLIST_FILE = YES;
				MARKETING_VERSION = 1.0;
				PRODUCT_BUNDLE_IDENTIFIER = "test.Rick-Morty-AssessmentUITests";
				PRODUCT_NAME = "$(TARGET_NAME)";
				SWIFT_EMIT_LOC_STRINGS = NO;
				SWIFT_VERSION = 5.0;
				TARGETED_DEVICE_FAMILY = "1,2";
				TEST_TARGET_NAME = "Rick-Morty-Assessment";
			};
			name = Debug;
		};
		56C1CB642866127700D4F291 /* Release */ = {
			isa = XCBuildConfiguration;
			buildSettings = {
				ALWAYS_EMBED_SWIFT_STANDARD_LIBRARIES = YES;
				CODE_SIGN_STYLE = Automatic;
				CURRENT_PROJECT_VERSION = 1;
				DEVELOPMENT_TEAM = QK8LY36SC5;
				GENERATE_INFOPLIST_FILE = YES;
				MARKETING_VERSION = 1.0;
				PRODUCT_BUNDLE_IDENTIFIER = "test.Rick-Morty-AssessmentUITests";
				PRODUCT_NAME = "$(TARGET_NAME)";
				SWIFT_EMIT_LOC_STRINGS = NO;
				SWIFT_VERSION = 5.0;
				TARGETED_DEVICE_FAMILY = "1,2";
				TEST_TARGET_NAME = "Rick-Morty-Assessment";
			};
			name = Release;
		};
/* End XCBuildConfiguration section */

/* Begin XCConfigurationList section */
		56C1CB2D2866127400D4F291 /* Build configuration list for PBXProject "Rick-Morty-Assessment" */ = {
			isa = XCConfigurationList;
			buildConfigurations = (
				56C1CB5A2866127700D4F291 /* Debug */,
				56C1CB5B2866127700D4F291 /* Release */,
			);
			defaultConfigurationIsVisible = 0;
			defaultConfigurationName = Release;
		};
		56C1CB5C2866127700D4F291 /* Build configuration list for PBXNativeTarget "Rick-Morty-Assessment" */ = {
			isa = XCConfigurationList;
			buildConfigurations = (
				56C1CB5D2866127700D4F291 /* Debug */,
				56C1CB5E2866127700D4F291 /* Release */,
			);
			defaultConfigurationIsVisible = 0;
			defaultConfigurationName = Release;
		};
		56C1CB5F2866127700D4F291 /* Build configuration list for PBXNativeTarget "Rick-Morty-AssessmentTests" */ = {
			isa = XCConfigurationList;
			buildConfigurations = (
				56C1CB602866127700D4F291 /* Debug */,
				56C1CB612866127700D4F291 /* Release */,
			);
			defaultConfigurationIsVisible = 0;
			defaultConfigurationName = Release;
		};
		56C1CB622866127700D4F291 /* Build configuration list for PBXNativeTarget "Rick-Morty-AssessmentUITests" */ = {
			isa = XCConfigurationList;
			buildConfigurations = (
				56C1CB632866127700D4F291 /* Debug */,
				56C1CB642866127700D4F291 /* Release */,
			);
			defaultConfigurationIsVisible = 0;
			defaultConfigurationName = Release;
		};
/* End XCConfigurationList section */

/* Begin XCRemoteSwiftPackageReference section */
		5672AC5C2867446C00B3A335 /* XCRemoteSwiftPackageReference "Longinus" */ = {
			isa = XCRemoteSwiftPackageReference;
			repositoryURL = "https://github.com/KittenYang/Longinus.git";
			requirement = {
				kind = upToNextMajorVersion;
				minimumVersion = 1.0.0;
			};
		};
		56C1CB7428661F1400D4F291 /* XCRemoteSwiftPackageReference "SnapKit" */ = {
			isa = XCRemoteSwiftPackageReference;
			repositoryURL = "https://github.com/SnapKit/SnapKit.git";
			requirement = {
				kind = upToNextMajorVersion;
				minimumVersion = 5.0.0;
			};
		};
		56C1CBA22867073A00D4F291 /* XCRemoteSwiftPackageReference "apollo-ios" */ = {
			isa = XCRemoteSwiftPackageReference;
			repositoryURL = "https://github.com/apollographql/apollo-ios";
			requirement = {
				kind = upToNextMajorVersion;
				minimumVersion = 0.9.5;
			};
		};
/* End XCRemoteSwiftPackageReference section */

/* Begin XCSwiftPackageProductDependency section */
		5672AC5D2867446C00B3A335 /* Longinus */ = {
			isa = XCSwiftPackageProductDependency;
			package = 5672AC5C2867446C00B3A335 /* XCRemoteSwiftPackageReference "Longinus" */;
			productName = Longinus;
		};
		56C1CB7528661F1400D4F291 /* SnapKit */ = {
			isa = XCSwiftPackageProductDependency;
			package = 56C1CB7428661F1400D4F291 /* XCRemoteSwiftPackageReference "SnapKit" */;
			productName = SnapKit;
		};
		56C1CBA32867073B00D4F291 /* Apollo */ = {
			isa = XCSwiftPackageProductDependency;
			package = 56C1CBA22867073A00D4F291 /* XCRemoteSwiftPackageReference "apollo-ios" */;
			productName = Apollo;
		};
/* End XCSwiftPackageProductDependency section */
	};
	rootObject = 56C1CB2A2866127400D4F291 /* Project object */;
}
